{
  "lockfileVersion": 1,
  "configVersion": 1,
  "workspaces": {
    "": {
      "name": "deni-ai-code",
      "dependencies": {
        "@ai-sdk/anthropic": "^3.0.2",
        "@ai-sdk/openai": "^3.0.2",
        "@anthropic-ai/sdk": "^0.71.2",
        "ai": "^6.0.5",
        "oxfmt": "^0.24.0",
        "zod": "^4.3.4",
      },
      "devDependencies": {
        "@types/bun": "^1.3.6",
        "@types/json-schema": "^7.0.15",
        "@types/node": "^25.0.3",
        "@types/vscode": "1.85.0",
        "tailwindcss": "^4.1.0",
        "typescript": "^5.9.3",
      },
    },
  },
  "packages": {
    "@ai-sdk/anthropic": ["@ai-sdk/anthropic@3.0.2", "", { "dependencies": { "@ai-sdk/provider": "3.0.1", "@ai-sdk/provider-utils": "4.0.2" }, "peerDependencies": { "zod": "^3.25.76 || ^4.1.8" } }, "sha512-D6iSsrOYryBSPsFtOiEDv54jnjVCU/flIuXdjuRY7LdikB0KGjpazN8Dt4ONXzL+ux69ds2nzFNKke/w/fgLAA=="],

    "@ai-sdk/gateway": ["@ai-sdk/gateway@3.0.4", "", { "dependencies": { "@ai-sdk/provider": "3.0.1", "@ai-sdk/provider-utils": "4.0.2", "@vercel/oidc": "3.0.5" }, "peerDependencies": { "zod": "^3.25.76 || ^4.1.8" } }, "sha512-OlccjNYZ5+4FaNyvs0kb3N5H6U/QCKlKPTGsgUo8IZkqfMQu8ALI1XD6l/BCuTKto+OO9xUPObT/W7JhbqJ5nA=="],

    "@ai-sdk/openai": ["@ai-sdk/openai@3.0.2", "", { "dependencies": { "@ai-sdk/provider": "3.0.1", "@ai-sdk/provider-utils": "4.0.2" }, "peerDependencies": { "zod": "^3.25.76 || ^4.1.8" } }, "sha512-GONwavgSWtcWO+t9+GpGK8l7nIYh+zNtCL/NYDSeHxHiw6ksQS9XMRWrZyE5NpJ0EXNxSAWCHIDmb1WvTqhq9Q=="],

    "@ai-sdk/provider": ["@ai-sdk/provider@3.0.1", "", { "dependencies": { "json-schema": "^0.4.0" } }, "sha512-2lR4w7mr9XrydzxBSjir4N6YMGdXD+Np1Sh0RXABh7tWdNFFwIeRI1Q+SaYZMbfL8Pg8RRLcrxQm51yxTLhokg=="],

    "@ai-sdk/provider-utils": ["@ai-sdk/provider-utils@4.0.2", "", { "dependencies": { "@ai-sdk/provider": "3.0.1", "@standard-schema/spec": "^1.1.0", "eventsource-parser": "^3.0.6" }, "peerDependencies": { "zod": "^3.25.76 || ^4.1.8" } }, "sha512-KaykkuRBdF/ffpI5bwpL4aSCmO/99p8/ci+VeHwJO8tmvXtiVAb99QeyvvvXmL61e9Zrvv4GBGoajW19xdjkVQ=="],

    "@anthropic-ai/sdk": ["@anthropic-ai/sdk@0.71.2", "", { "dependencies": { "json-schema-to-ts": "^3.1.1" }, "peerDependencies": { "zod": "^3.25.0 || ^4.0.0" }, "optionalPeers": ["zod"], "bin": { "anthropic-ai-sdk": "bin/cli" } }, "sha512-TGNDEUuEstk/DKu0/TflXAEt+p+p/WhTlFzEnoosvbaDU2LTjm42igSdlL0VijrKpWejtOKxX0b8A7uc+XiSAQ=="],

    "@babel/runtime": ["@babel/runtime@7.28.4", "", {}, "sha512-Q/N6JNWvIvPnLDvjlE1OUBLPQHH6l3CltCEsHIujp45zQUSSh8K+gHnaEX45yAT1nyngnINhvWtzN+Nb9D8RAQ=="],

    "@opentelemetry/api": ["@opentelemetry/api@1.9.0", "", {}, "sha512-3giAOQvZiH5F9bMlMiv8+GSPMeqg0dbaeo58/0SlA9sxSqZhnUtxzX9/2FzyhS9sWQf5S0GJE0AKBrFqjpeYcg=="],

    "@oxfmt/darwin-arm64": ["@oxfmt/darwin-arm64@0.24.0", "", { "os": "darwin", "cpu": "arm64" }, "sha512-aYXuGf/yq8nsyEcHindGhiz9I+GEqLkVq8CfPbd+6VE259CpPEH+CaGHEO1j6vIOmNr8KHRq+IAjeRO2uJpb8A=="],

    "@oxfmt/darwin-x64": ["@oxfmt/darwin-x64@0.24.0", "", { "os": "darwin", "cpu": "x64" }, "sha512-vs3b8Bs53hbiNvcNeBilzE/+IhDTWKjSBB3v/ztr664nZk65j0xr+5IHMBNz3CFppmX7o/aBta2PxY+t+4KoPg=="],

    "@oxfmt/linux-arm64-gnu": ["@oxfmt/linux-arm64-gnu@0.24.0", "", { "os": "linux", "cpu": "arm64" }, "sha512-ItPDOPoQ0wLj/s8osc5ch57uUcA1Wk8r0YdO8vLRpXA3UNg7KPOm1vdbkIZRRiSUphZcuX5ioOEetEK8H7RlTw=="],

    "@oxfmt/linux-arm64-musl": ["@oxfmt/linux-arm64-musl@0.24.0", "", { "os": "linux", "cpu": "arm64" }, "sha512-JkQO3WnQjQTJONx8nxdgVBfl6BBFfpp9bKhChYhWeakwJdr7QPOAWJ/v3FGZfr0TbqINwnNR74aVZayDDRyXEA=="],

    "@oxfmt/linux-x64-gnu": ["@oxfmt/linux-x64-gnu@0.24.0", "", { "os": "linux", "cpu": "x64" }, "sha512-N/SXlFO+2kak5gMt0oxApi0WXQDhwA0PShR0UbkY0PwtHjfSiDqJSOumyNqgQVoroKr1GNnoRmUqjZIz6DKIcw=="],

    "@oxfmt/linux-x64-musl": ["@oxfmt/linux-x64-musl@0.24.0", "", { "os": "linux", "cpu": "x64" }, "sha512-WM0pek5YDCQf50XQ7GLCE9sMBCMPW/NPAEPH/Hx6Qyir37lEsP4rUmSECo/QFNTU6KBc9NnsviAyJruWPpCMXw=="],

    "@oxfmt/win32-arm64": ["@oxfmt/win32-arm64@0.24.0", "", { "os": "win32", "cpu": "arm64" }, "sha512-vFCseli1KWtwdHrVlT/jWfZ8jP8oYpnPPEjI23mPLW8K/6GEJmmvy0PZP5NpWUFNTzX0lqie58XnrATJYAe9Xw=="],

    "@oxfmt/win32-x64": ["@oxfmt/win32-x64@0.24.0", "", { "os": "win32", "cpu": "x64" }, "sha512-0tmlNzcyewAnauNeBCq0xmAkmiKzl+H09p0IdHy+QKrTQdtixtf+AOjDAADbRfihkS+heF15Pjc4IyJMdAAJjw=="],

    "@standard-schema/spec": ["@standard-schema/spec@1.1.0", "", {}, "sha512-l2aFy5jALhniG5HgqrD6jXLi/rUWrKvqN/qJx6yoJsgKhblVd+iqqU4RCXavm/jPityDo5TCvKMnpjKnOriy0w=="],

    "@types/bun": ["@types/bun@1.3.6", "", { "dependencies": { "bun-types": "1.3.6" } }, "sha512-uWCv6FO/8LcpREhenN1d1b6fcspAB+cefwD7uti8C8VffIv0Um08TKMn98FynpTiU38+y2dUO55T11NgDt8VAA=="],

    "@types/json-schema": ["@types/json-schema@7.0.15", "", {}, "sha512-5+fP8P8MFNC+AyZCDxrB2pkZFPGzqQWUzpSeuuVLvm8VMcorNYavBqoFcxK8bQz4Qsbn4oUEEem4wDLfcysGHA=="],

    "@types/node": ["@types/node@25.0.3", "", { "dependencies": { "undici-types": "~7.16.0" } }, "sha512-W609buLVRVmeW693xKfzHeIV6nJGGz98uCPfeXI1ELMLXVeKYZ9m15fAMSaUPBHYLGFsVRcMmSCksQOrZV9BYA=="],

    "@types/vscode": ["@types/vscode@1.85.0", "", {}, "sha512-CF/RBon/GXwdfmnjZj0WTUMZN5H6YITOfBCP4iEZlOtVQXuzw6t7Le7+cR+7JzdMrnlm7Mfp49Oj2TuSXIWo3g=="],

    "@vercel/oidc": ["@vercel/oidc@3.0.5", "", {}, "sha512-fnYhv671l+eTTp48gB4zEsTW/YtRgRPnkI2nT7x6qw5rkI1Lq2hTmQIpHPgyThI0znLK+vX2n9XxKdXZ7BUbbw=="],

    "ai": ["ai@6.0.5", "", { "dependencies": { "@ai-sdk/gateway": "3.0.4", "@ai-sdk/provider": "3.0.1", "@ai-sdk/provider-utils": "4.0.2", "@opentelemetry/api": "1.9.0" }, "peerDependencies": { "zod": "^3.25.76 || ^4.1.8" } }, "sha512-CKL3dDHedWskC6EY67LrULonZBU9vL+Bwa+xQEcprBhJfxpogntG3utjiAkYuy5ZQatyWk+SmWG8HLvcnhvbRg=="],

    "bun-types": ["bun-types@1.3.6", "", { "dependencies": { "@types/node": "*" } }, "sha512-OlFwHcnNV99r//9v5IIOgQ9Uk37gZqrNMCcqEaExdkVq3Avwqok1bJFmvGMCkCE0FqzdY8VMOZpfpR3lwI+CsQ=="],

    "eventsource-parser": ["eventsource-parser@3.0.6", "", {}, "sha512-Vo1ab+QXPzZ4tCa8SwIHJFaSzy4R6SHf7BY79rFBDf0idraZWAkYrDjDj8uWaSm3S2TK+hJ7/t1CEmZ7jXw+pg=="],

    "json-schema": ["json-schema@0.4.0", "", {}, "sha512-es94M3nTIfsEPisRafak+HDLfHXnKBhV3vU5eqPcS3flIWqcxJWgXHXiey3YrpaNsanY5ei1VoYEbOzijuq9BA=="],

    "json-schema-to-ts": ["json-schema-to-ts@3.1.1", "", { "dependencies": { "@babel/runtime": "^7.18.3", "ts-algebra": "^2.0.0" } }, "sha512-+DWg8jCJG2TEnpy7kOm/7/AxaYoaRbjVB4LFZLySZlWn8exGs3A4OLJR966cVvU26N7X9TWxl+Jsw7dzAqKT6g=="],

    "oxfmt": ["oxfmt@0.24.0", "", { "dependencies": { "tinypool": "2.0.0" }, "optionalDependencies": { "@oxfmt/darwin-arm64": "0.24.0", "@oxfmt/darwin-x64": "0.24.0", "@oxfmt/linux-arm64-gnu": "0.24.0", "@oxfmt/linux-arm64-musl": "0.24.0", "@oxfmt/linux-x64-gnu": "0.24.0", "@oxfmt/linux-x64-musl": "0.24.0", "@oxfmt/win32-arm64": "0.24.0", "@oxfmt/win32-x64": "0.24.0" }, "bin": { "oxfmt": "bin/oxfmt" } }, "sha512-UjeM3Peez8Tl7IJ9s5UwAoZSiDRMww7BEc21gDYxLq3S3/KqJnM3mjNxsoSHgmBvSeX6RBhoVc2MfC/+96RdSw=="],

    "tailwindcss": ["tailwindcss@4.1.18", "", {}, "sha512-4+Z+0yiYyEtUVCScyfHCxOYP06L5Ne+JiHhY2IjR2KWMIWhJOYZKLSGZaP5HkZ8+bY0cxfzwDE5uOmzFXyIwxw=="],

    "tinypool": ["tinypool@2.0.0", "", {}, "sha512-/RX9RzeH2xU5ADE7n2Ykvmi9ED3FBGPAjw9u3zucrNNaEBIO0HPSYgL0NT7+3p147ojeSdaVu08F6hjpv31HJg=="],

    "ts-algebra": ["ts-algebra@2.0.0", "", {}, "sha512-FPAhNPFMrkwz76P7cdjdmiShwMynZYN6SgOujD1urY4oNm80Ou9oMdmbR45LotcKOXoy7wSmHkRFE6Mxbrhefw=="],

    "typescript": ["typescript@5.9.3", "", { "bin": { "tsc": "bin/tsc", "tsserver": "bin/tsserver" } }, "sha512-jl1vZzPDinLr9eUt3J/t7V6FgNEw9QjvBPdysz9KfQDD41fQrC2Y4vKQdiaUpFT4bXlb1RHhLpp8wtm6M5TgSw=="],

    "undici-types": ["undici-types@7.16.0", "", {}, "sha512-Zz+aZWSj8LE6zoxD+xrjh4VfkIG8Ya6LvYkZqtUQGJPZjYl53ypCaUwWqo7eI0x66KBGeRo+mlBEkMSeSZ38Nw=="],

    "zod": ["zod@4.3.4", "", {}, "sha512-Zw/uYiiyF6pUT1qmKbZziChgNPRu+ZRneAsMUDU6IwmXdWt5JwcUfy2bvLOCUtz5UniaN/Zx5aFttZYbYc7O/A=="],
  }
}
