{
  "name": "flixa",
  "version": "0.2.0",
  "lockfileVersion": 3,
  "requires": true,
  "packages": {
    "": {
      "name": "flixa",
      "version": "0.2.0",
      "dependencies": {
        "@ai-sdk/anthropic": "^3.0.2",
        "@ai-sdk/openai": "^3.0.2",
        "@anthropic-ai/sdk": "^0.71.2",
        "ai": "^6.0.5",
        "oxfmt": "^0.24.0",
        "zod": "^4.3.4"
      },
      "devDependencies": {
        "@types/bun": "^1.3.6",
        "@types/json-schema": "^7.0.15",
        "@types/node": "^25.0.3",
        "@types/vscode": "1.85.0",
        "tailwindcss": "^4.1.0",
        "typescript": "^5.9.3"
      },
      "engines": {
        "vscode": "^1.85.0"
      }
    },
    "node_modules/@ai-sdk/anthropic": {
      "version": "3.0.38",
      "resolved": "https://registry.npmjs.org/@ai-sdk/anthropic/-/anthropic-3.0.38.tgz",
      "integrity": "sha512-9MchyPRPni0WzrFeIGNevZpQVfWxaS+MQFupIXYQo9VgHnuO1Vyrp9SBmjkkuoAdBs7GomsWqLZCcNMJAVbdFA==",
      "license": "Apache-2.0",
      "dependencies": {
        "@ai-sdk/provider": "3.0.8",
        "@ai-sdk/provider-utils": "4.0.14"
      },
      "engines": {
        "node": ">=18"
      },
      "peerDependencies": {
        "zod": "^3.25.76 || ^4.1.8"
      }
    },
    "node_modules/@ai-sdk/gateway": {
      "version": "3.0.37",
      "resolved": "https://registry.npmjs.org/@ai-sdk/gateway/-/gateway-3.0.37.tgz",
      "integrity": "sha512-w7rxPd2WOuSr4he2ALvtCAM/W1/33rGdv3kkU52tCGj/bJSYJnJDpnTvoWRLNESp9HEkkiNFfBLFZY0PB9n4aQ==",
      "license": "Apache-2.0",
      "dependencies": {
        "@ai-sdk/provider": "3.0.8",
        "@ai-sdk/provider-utils": "4.0.14",
        "@vercel/oidc": "3.1.0"
      },
      "engines": {
        "node": ">=18"
      },
      "peerDependencies": {
        "zod": "^3.25.76 || ^4.1.8"
      }
    },
    "node_modules/@ai-sdk/openai": {
      "version": "3.0.26",
      "resolved": "https://registry.npmjs.org/@ai-sdk/openai/-/openai-3.0.26.tgz",
      "integrity": "sha512-W/hiwxIfG29IO0Fob1HwWpFssMsNrxWoX8A7DwNGOtKArDBmJNuGzQeU/k0Fnh8WyvZEnfxkjO4oXkSXfVBayg==",
      "license": "Apache-2.0",
      "dependencies": {
        "@ai-sdk/provider": "3.0.8",
        "@ai-sdk/provider-utils": "4.0.14"
      },
      "engines": {
        "node": ">=18"
      },
      "peerDependencies": {
        "zod": "^3.25.76 || ^4.1.8"
      }
    },
    "node_modules/@ai-sdk/provider": {
      "version": "3.0.8",
      "resolved": "https://registry.npmjs.org/@ai-sdk/provider/-/provider-3.0.8.tgz",
      "integrity": "sha512-oGMAgGoQdBXbZqNG0Ze56CHjDZ1IDYOwGYxYjO5KLSlz5HiNQ9udIXsPZ61VWaHGZ5XW/jyjmr6t2xz2jGVwbQ==",
      "license": "Apache-2.0",
      "dependencies": {
        "json-schema": "^0.4.0"
      },
      "engines": {
        "node": ">=18"
      }
    },
    "node_modules/@ai-sdk/provider-utils": {
      "version": "4.0.14",
      "resolved": "https://registry.npmjs.org/@ai-sdk/provider-utils/-/provider-utils-4.0.14.tgz",
      "integrity": "sha512-7bzKd9lgiDeXM7O4U4nQ8iTxguAOkg8LZGD9AfDVZYjO5cKYRwBPwVjboFcVrxncRHu0tYxZtXZtiLKpG4pEng==",
      "license": "Apache-2.0",
      "dependencies": {
        "@ai-sdk/provider": "3.0.8",
        "@standard-schema/spec": "^1.1.0",
        "eventsource-parser": "^3.0.6"
      },
      "engines": {
        "node": ">=18"
      },
      "peerDependencies": {
        "zod": "^3.25.76 || ^4.1.8"
      }
    },
    "node_modules/@anthropic-ai/sdk": {
      "version": "0.71.2",
      "resolved": "https://registry.npmjs.org/@anthropic-ai/sdk/-/sdk-0.71.2.tgz",
      "integrity": "sha512-TGNDEUuEstk/DKu0/TflXAEt+p+p/WhTlFzEnoosvbaDU2LTjm42igSdlL0VijrKpWejtOKxX0b8A7uc+XiSAQ==",
      "license": "MIT",
      "dependencies": {
        "json-schema-to-ts": "^3.1.1"
      },
      "bin": {
        "anthropic-ai-sdk": "bin/cli"
      },
      "peerDependencies": {
        "zod": "^3.25.0 || ^4.0.0"
      },
      "peerDependenciesMeta": {
        "zod": {
          "optional": true
        }
      }
    },
    "node_modules/@babel/runtime": {
      "version": "7.28.6",
      "resolved": "https://registry.npmjs.org/@babel/runtime/-/runtime-7.28.6.tgz",
      "integrity": "sha512-05WQkdpL9COIMz4LjTxGpPNCdlpyimKppYNoJ5Di5EUObifl8t4tuLuUBBZEpoLYOmfvIWrsp9fCl0HoPRVTdA==",
      "license": "MIT",
      "engines": {
        "node": ">=6.9.0"
      }
    },
    "node_modules/@opentelemetry/api": {
      "version": "1.9.0",
      "resolved": "https://registry.npmjs.org/@opentelemetry/api/-/api-1.9.0.tgz",
      "integrity": "sha512-3giAOQvZiH5F9bMlMiv8+GSPMeqg0dbaeo58/0SlA9sxSqZhnUtxzX9/2FzyhS9sWQf5S0GJE0AKBrFqjpeYcg==",
      "license": "Apache-2.0",
      "engines": {
        "node": ">=8.0.0"
      }
    },
    "node_modules/@oxfmt/darwin-arm64": {
      "version": "0.24.0",
      "resolved": "https://registry.npmjs.org/@oxfmt/darwin-arm64/-/darwin-arm64-0.24.0.tgz",
      "integrity": "sha512-aYXuGf/yq8nsyEcHindGhiz9I+GEqLkVq8CfPbd+6VE259CpPEH+CaGHEO1j6vIOmNr8KHRq+IAjeRO2uJpb8A==",
      "cpu": [
        "arm64"
      ],
      "license": "MIT",
      "optional": true,
      "os": [
        "darwin"
      ]
    },
    "node_modules/@oxfmt/darwin-x64": {
      "version": "0.24.0",
      "resolved": "https://registry.npmjs.org/@oxfmt/darwin-x64/-/darwin-x64-0.24.0.tgz",
      "integrity": "sha512-vs3b8Bs53hbiNvcNeBilzE/+IhDTWKjSBB3v/ztr664nZk65j0xr+5IHMBNz3CFppmX7o/aBta2PxY+t+4KoPg==",
      "cpu": [
        "x64"
      ],
      "license": "MIT",
      "optional": true,
      "os": [
        "darwin"
      ]
    },
    "node_modules/@oxfmt/linux-arm64-gnu": {
      "version": "0.24.0",
      "resolved": "https://registry.npmjs.org/@oxfmt/linux-arm64-gnu/-/linux-arm64-gnu-0.24.0.tgz",
      "integrity": "sha512-ItPDOPoQ0wLj/s8osc5ch57uUcA1Wk8r0YdO8vLRpXA3UNg7KPOm1vdbkIZRRiSUphZcuX5ioOEetEK8H7RlTw==",
      "cpu": [
        "arm64"
      ],
      "license": "MIT",
      "optional": true,
      "os": [
        "linux"
      ]
    },
    "node_modules/@oxfmt/linux-arm64-musl": {
      "version": "0.24.0",
      "resolved": "https://registry.npmjs.org/@oxfmt/linux-arm64-musl/-/linux-arm64-musl-0.24.0.tgz",
      "integrity": "sha512-JkQO3WnQjQTJONx8nxdgVBfl6BBFfpp9bKhChYhWeakwJdr7QPOAWJ/v3FGZfr0TbqINwnNR74aVZayDDRyXEA==",
      "cpu": [
        "arm64"
      ],
      "license": "MIT",
      "optional": true,
      "os": [
        "linux"
      ]
    },
    "node_modules/@oxfmt/linux-x64-gnu": {
      "version": "0.24.0",
      "resolved": "https://registry.npmjs.org/@oxfmt/linux-x64-gnu/-/linux-x64-gnu-0.24.0.tgz",
      "integrity": "sha512-N/SXlFO+2kak5gMt0oxApi0WXQDhwA0PShR0UbkY0PwtHjfSiDqJSOumyNqgQVoroKr1GNnoRmUqjZIz6DKIcw==",
      "cpu": [
        "x64"
      ],
      "license": "MIT",
      "optional": true,
      "os": [
        "linux"
      ]
    },
    "node_modules/@oxfmt/linux-x64-musl": {
      "version": "0.24.0",
      "resolved": "https://registry.npmjs.org/@oxfmt/linux-x64-musl/-/linux-x64-musl-0.24.0.tgz",
      "integrity": "sha512-WM0pek5YDCQf50XQ7GLCE9sMBCMPW/NPAEPH/Hx6Qyir37lEsP4rUmSECo/QFNTU6KBc9NnsviAyJruWPpCMXw==",
      "cpu": [
        "x64"
      ],
      "license": "MIT",
      "optional": true,
      "os": [
        "linux"
      ]
    },
    "node_modules/@oxfmt/win32-arm64": {
      "version": "0.24.0",
      "resolved": "https://registry.npmjs.org/@oxfmt/win32-arm64/-/win32-arm64-0.24.0.tgz",
      "integrity": "sha512-vFCseli1KWtwdHrVlT/jWfZ8jP8oYpnPPEjI23mPLW8K/6GEJmmvy0PZP5NpWUFNTzX0lqie58XnrATJYAe9Xw==",
      "cpu": [
        "arm64"
      ],
      "license": "MIT",
      "optional": true,
      "os": [
        "win32"
      ]
    },
    "node_modules/@oxfmt/win32-x64": {
      "version": "0.24.0",
      "resolved": "https://registry.npmjs.org/@oxfmt/win32-x64/-/win32-x64-0.24.0.tgz",
      "integrity": "sha512-0tmlNzcyewAnauNeBCq0xmAkmiKzl+H09p0IdHy+QKrTQdtixtf+AOjDAADbRfihkS+heF15Pjc4IyJMdAAJjw==",
      "cpu": [
        "x64"
      ],
      "license": "MIT",
      "optional": true,
      "os": [
        "win32"
      ]
    },
    "node_modules/@standard-schema/spec": {
      "version": "1.1.0",
      "resolved": "https://registry.npmjs.org/@standard-schema/spec/-/spec-1.1.0.tgz",
      "integrity": "sha512-l2aFy5jALhniG5HgqrD6jXLi/rUWrKvqN/qJx6yoJsgKhblVd+iqqU4RCXavm/jPityDo5TCvKMnpjKnOriy0w==",
      "license": "MIT"
    },
    "node_modules/@types/bun": {
      "version": "1.3.8",
      "resolved": "https://registry.npmjs.org/@types/bun/-/bun-1.3.8.tgz",
      "integrity": "sha512-3LvWJ2q5GerAXYxO2mffLTqOzEu5qnhEAlh48Vnu8WQfnmSwbgagjGZV6BoHKJztENYEDn6QmVd949W4uESRJA==",
      "dev": true,
      "license": "MIT",
      "dependencies": {
        "bun-types": "1.3.8"
      }
    },
    "node_modules/@types/json-schema": {
      "version": "7.0.15",
      "resolved": "https://registry.npmjs.org/@types/json-schema/-/json-schema-7.0.15.tgz",
      "integrity": "sha512-5+fP8P8MFNC+AyZCDxrB2pkZFPGzqQWUzpSeuuVLvm8VMcorNYavBqoFcxK8bQz4Qsbn4oUEEem4wDLfcysGHA==",
      "dev": true,
      "license": "MIT"
    },
    "node_modules/@types/node": {
      "version": "25.2.1",
      "resolved": "https://registry.npmjs.org/@types/node/-/node-25.2.1.tgz",
      "integrity": "sha512-CPrnr8voK8vC6eEtyRzvMpgp3VyVRhgclonE7qYi6P9sXwYb59ucfrnmFBTaP0yUi8Gk4yZg/LlTJULGxvTNsg==",
      "dev": true,
      "license": "MIT",
      "dependencies": {
        "undici-types": "~7.16.0"
      }
    },
    "node_modules/@types/vscode": {
      "version": "1.85.0",
      "resolved": "https://registry.npmjs.org/@types/vscode/-/vscode-1.85.0.tgz",
      "integrity": "sha512-CF/RBon/GXwdfmnjZj0WTUMZN5H6YITOfBCP4iEZlOtVQXuzw6t7Le7+cR+7JzdMrnlm7Mfp49Oj2TuSXIWo3g==",
      "dev": true,
      "license": "MIT"
    },
    "node_modules/@vercel/oidc": {
      "version": "3.1.0",
      "resolved": "https://registry.npmjs.org/@vercel/oidc/-/oidc-3.1.0.tgz",
      "integrity": "sha512-Fw28YZpRnA3cAHHDlkt7xQHiJ0fcL+NRcIqsocZQUSmbzeIKRpwttJjik5ZGanXP+vlA4SbTg+AbA3bP363l+w==",
      "license": "Apache-2.0",
      "engines": {
        "node": ">= 20"
      }
    },
    "node_modules/ai": {
      "version": "6.0.75",
      "resolved": "https://registry.npmjs.org/ai/-/ai-6.0.75.tgz",
      "integrity": "sha512-pT1xtwaE5Un261GO9Mt9DZ2rv26v+gQZNRXo433CNAMo0JDYs2ef+5MvcNkBe1jXCY9XrXxUG/VT6Y6/9S2SWg==",
      "license": "Apache-2.0",
      "dependencies": {
        "@ai-sdk/gateway": "3.0.37",
        "@ai-sdk/provider": "3.0.8",
        "@ai-sdk/provider-utils": "4.0.14",
        "@opentelemetry/api": "1.9.0"
      },
      "engines": {
        "node": ">=18"
      },
      "peerDependencies": {
        "zod": "^3.25.76 || ^4.1.8"
      }
    },
    "node_modules/bun-types": {
      "version": "1.3.8",
      "resolved": "https://registry.npmjs.org/bun-types/-/bun-types-1.3.8.tgz",
      "integrity": "sha512-fL99nxdOWvV4LqjmC+8Q9kW3M4QTtTR1eePs94v5ctGqU8OeceWrSUaRw3JYb7tU3FkMIAjkueehrHPPPGKi5Q==",
      "dev": true,
      "license": "MIT",
      "dependencies": {
        "@types/node": "*"
      }
    },
    "node_modules/eventsource-parser": {
      "version": "3.0.6",
      "resolved": "https://registry.npmjs.org/eventsource-parser/-/eventsource-parser-3.0.6.tgz",
      "integrity": "sha512-Vo1ab+QXPzZ4tCa8SwIHJFaSzy4R6SHf7BY79rFBDf0idraZWAkYrDjDj8uWaSm3S2TK+hJ7/t1CEmZ7jXw+pg==",
      "license": "MIT",
      "engines": {
        "node": ">=18.0.0"
      }
    },
    "node_modules/json-schema": {
      "version": "0.4.0",
      "resolved": "https://registry.npmjs.org/json-schema/-/json-schema-0.4.0.tgz",
      "integrity": "sha512-es94M3nTIfsEPisRafak+HDLfHXnKBhV3vU5eqPcS3flIWqcxJWgXHXiey3YrpaNsanY5ei1VoYEbOzijuq9BA==",
      "license": "(AFL-2.1 OR BSD-3-Clause)"
    },
    "node_modules/json-schema-to-ts": {
      "version": "3.1.1",
      "resolved": "https://registry.npmjs.org/json-schema-to-ts/-/json-schema-to-ts-3.1.1.tgz",
      "integrity": "sha512-+DWg8jCJG2TEnpy7kOm/7/AxaYoaRbjVB4LFZLySZlWn8exGs3A4OLJR966cVvU26N7X9TWxl+Jsw7dzAqKT6g==",
      "license": "MIT",
      "dependencies": {
        "@babel/runtime": "^7.18.3",
        "ts-algebra": "^2.0.0"
      },
      "engines": {
        "node": ">=16"
      }
    },
    "node_modules/oxfmt": {
      "version": "0.24.0",
      "resolved": "https://registry.npmjs.org/oxfmt/-/oxfmt-0.24.0.tgz",
      "integrity": "sha512-UjeM3Peez8Tl7IJ9s5UwAoZSiDRMww7BEc21gDYxLq3S3/KqJnM3mjNxsoSHgmBvSeX6RBhoVc2MfC/+96RdSw==",
      "license": "MIT",
      "dependencies": {
        "tinypool": "2.0.0"
      },
      "bin": {
        "oxfmt": "bin/oxfmt"
      },
      "engines": {
        "node": "^20.19.0 || >=22.12.0"
      },
      "funding": {
        "url": "https://github.com/sponsors/Boshen"
      },
      "optionalDependencies": {
        "@oxfmt/darwin-arm64": "0.24.0",
        "@oxfmt/darwin-x64": "0.24.0",
        "@oxfmt/linux-arm64-gnu": "0.24.0",
        "@oxfmt/linux-arm64-musl": "0.24.0",
        "@oxfmt/linux-x64-gnu": "0.24.0",
        "@oxfmt/linux-x64-musl": "0.24.0",
        "@oxfmt/win32-arm64": "0.24.0",
        "@oxfmt/win32-x64": "0.24.0"
      }
    },
    "node_modules/tailwindcss": {
      "version": "4.1.18",
      "resolved": "https://registry.npmjs.org/tailwindcss/-/tailwindcss-4.1.18.tgz",
      "integrity": "sha512-4+Z+0yiYyEtUVCScyfHCxOYP06L5Ne+JiHhY2IjR2KWMIWhJOYZKLSGZaP5HkZ8+bY0cxfzwDE5uOmzFXyIwxw==",
      "dev": true,
      "license": "MIT"
    },
    "node_modules/tinypool": {
      "version": "2.0.0",
      "resolved": "https://registry.npmjs.org/tinypool/-/tinypool-2.0.0.tgz",
      "integrity": "sha512-/RX9RzeH2xU5ADE7n2Ykvmi9ED3FBGPAjw9u3zucrNNaEBIO0HPSYgL0NT7+3p147ojeSdaVu08F6hjpv31HJg==",
      "license": "MIT",
      "engines": {
        "node": "^20.0.0 || >=22.0.0"
      }
    },
    "node_modules/ts-algebra": {
      "version": "2.0.0",
      "resolved": "https://registry.npmjs.org/ts-algebra/-/ts-algebra-2.0.0.tgz",
      "integrity": "sha512-FPAhNPFMrkwz76P7cdjdmiShwMynZYN6SgOujD1urY4oNm80Ou9oMdmbR45LotcKOXoy7wSmHkRFE6Mxbrhefw==",
      "license": "MIT"
    },
    "node_modules/typescript": {
      "version": "5.9.3",
      "resolved": "https://registry.npmjs.org/typescript/-/typescript-5.9.3.tgz",
      "integrity": "sha512-jl1vZzPDinLr9eUt3J/t7V6FgNEw9QjvBPdysz9KfQDD41fQrC2Y4vKQdiaUpFT4bXlb1RHhLpp8wtm6M5TgSw==",
      "dev": true,
      "license": "Apache-2.0",
      "bin": {
        "tsc": "bin/tsc",
        "tsserver": "bin/tsserver"
      },
      "engines": {
        "node": ">=14.17"
      }
    },
    "node_modules/undici-types": {
      "version": "7.16.0",
      "resolved": "https://registry.npmjs.org/undici-types/-/undici-types-7.16.0.tgz",
      "integrity": "sha512-Zz+aZWSj8LE6zoxD+xrjh4VfkIG8Ya6LvYkZqtUQGJPZjYl53ypCaUwWqo7eI0x66KBGeRo+mlBEkMSeSZ38Nw==",
      "dev": true,
      "license": "MIT"
    },
    "node_modules/zod": {
      "version": "4.3.6",
      "resolved": "https://registry.npmjs.org/zod/-/zod-4.3.6.tgz",
      "integrity": "sha512-rftlrkhHZOcjDwkGlnUtZZkvaPHCsDATp4pGpuOOMDaTdDDXF91wuVDJoWoPsKX/3YPQ5fHuF3STjcYyKr+Qhg==",
      "license": "MIT",
      "peer": true,
      "funding": {
        "url": "https://github.com/sponsors/colinhacks"
      }
    }
  }
}
